
Microsoft Visual Studio Solution File, Format Version 12.00
# Visual Studio Version 16
VisualStudioVersion = 16.0.31005.135
MinimumVisualStudioVersion = 10.0.40219.1
Project("{9A19103F-16F7-4668-BE54-9A1E7A4F7556}") = "RugbySkills", "RugbySkills\RugbySkills.csproj", "{66F99F7B-161F-45A5-8423-A366384A0CB0}"
EndProject
Global
	GlobalSection(SolutionConfigurationPlatforms) = preSolution
		Debug|Any CPU = Debug|Any CPU
		Release|Any CPU = Release|Any CPU
	EndGlobalSection
	GlobalSection(ProjectConfigurationPlatforms) = postSolution
		{66F99F7B-161F-45A5-8423-A366384A0CB0}.Debug|Any CPU.ActiveCfg = Debug|Any CPU
		{66F99F7B-161F-45A5-8423-A366384A0CB0}.Debug|Any CPU.Build.0 = Debug|Any CPU
		{66F99F7B-161F-45A5-8423-A366384A0CB0}.Release|Any CPU.ActiveCfg = Release|Any CPU
		{66F99F7B-161F-45A5-8423-A366384A0CB0}.Release|Any CPU.Build.0 = Release|Any CPU
	EndGlobalSection
	GlobalSection(SolutionProperties) = preSolution
		HideSolutionNode = FALSE
	EndGlobalSection
	GlobalSection(ExtensibilityGlobals) = postSolution
		SolutionGuid = {24157717-E754-408A-AE87-3B1089187A7B}
	EndGlobalSection
EndGlobal
